name: Lock Threads

on:
  schedule:
    - cron: '0 4 * * *'

permissions: {}

jobs:
  lock:
    permissions:
      issues: write  # for dessant/lock-threads to lock issues
      pull-requests: write  # for dessant/lock-threads to lock PRs
    runs-on: ubuntu-latest
    steps:
      - uses: dessant/lock-threads@v4
        with:
          github-token: ${{ c2935f3d4d7d4f619c09eec55d41831510b716bc }}
          issue-inactive-days: "91"
          add-issue-labels: "outdated"
          pr-inactive-days: "91"
          add-pr-labels: "outdated"
